
Microsoft Visual Studio Solution File, Format Version 12.00
# Visual Studio 15
VisualStudioVersion = 15.0.27004.2010
MinimumVisualStudioVersion = 10.0.40219.1
Project("{8BC9CEB8-8B4A-11D0-8D11-00A0C91BC942}") = "EDAA", "EDAA.vcxproj", "{BAA11F70-6EA1-4E0C-9A80-B18DA46D29D8}"
EndProject
Project("{2150E333-8FDC-42A3-9474-1A3956D46DE8}") = "sources", "sources", "{CCA82435-396C-418E-87B3-010D4D8D2DB1}"
	ProjectSection(SolutionItems) = preProject
		src\abb.h = src\abb.h
		src\ADT_BinaryHeap.c = src\ADT_BinaryHeap.c
		src\ADT_BinaryHeap.h = src\ADT_BinaryHeap.h
		src\ADT_BinaryTreeRecursive.c = src\ADT_BinaryTreeRecursive.c
		src\ADT_BinaryTreeRecursive.h = src\ADT_BinaryTreeRecursive.h
		src\ADT_List_DoubleLinked.c = src\ADT_List_DoubleLinked.c
		src\ADT_List_DoubleLinked.h = src\ADT_List_DoubleLinked.h
		src\ADT_Queue_CircularArray.c = src\ADT_Queue_CircularArray.c
		src\ADT_Queue_CircularArray.h = src\ADT_Queue_CircularArray.h
		src\ADT_Queue_Linked.c = src\ADT_Queue_Linked.c
		src\ADT_Queue_Linked.h = src\ADT_Queue_Linked.h
		src\ADT_Queue_List.c = src\ADT_Queue_List.c
		src\ADT_Queue_List.h = src\ADT_Queue_List.h
		src\ADT_Queue_TwoStacks.c = src\ADT_Queue_TwoStacks.c
		src\ADT_Queue_TwoStacks.h = src\ADT_Queue_TwoStacks.h
		src\ADT_Set_Array.c = src\ADT_Set_Array.c
		src\ADT_Set_Array.h = src\ADT_Set_Array.h
		src\ADT_Stack_Array.c = src\ADT_Stack_Array.c
		src\ADT_Stack_Array.h = src\ADT_Stack_Array.h
		src\ADT_Stack_List.c = src\ADT_Stack_List.c
		src\ADT_Stack_List.h = src\ADT_Stack_List.h
		src\ADT_Stack_TwoQueues.c = src\ADT_Stack_TwoQueues.c
		src\ADT_Stack_TwoQueues.h = src\ADT_Stack_TwoQueues.h
		src\ProblemSolutions.c = src\ProblemSolutions.c
		src\ProblemSolutions.h = src\ProblemSolutions.h
		src\Recursion.c = src\Recursion.c
		src\Recursion.h = src\Recursion.h
		src\SearchSort.c = src\SearchSort.c
		src\SearchSort.h = src\SearchSort.h
		TextFile1.txt = TextFile1.txt
		src\TMP.txt = src\TMP.txt
		src\UVA10718.c = src\UVA10718.c
	EndProjectSection
EndProject
Project("{2150E333-8FDC-42A3-9474-1A3956D46DE8}") = "Solution Items", "Solution Items", "{01524757-DBBC-4413-B8FA-7D75F6404513}"
EndProject
Global
	GlobalSection(SolutionConfigurationPlatforms) = preSolution
		Debug|x64 = Debug|x64
		Debug|x86 = Debug|x86
		Release|x64 = Release|x64
		Release|x86 = Release|x86
	EndGlobalSection
	GlobalSection(ProjectConfigurationPlatforms) = postSolution
		{BAA11F70-6EA1-4E0C-9A80-B18DA46D29D8}.Debug|x64.ActiveCfg = Debug|x64
		{BAA11F70-6EA1-4E0C-9A80-B18DA46D29D8}.Debug|x64.Build.0 = Debug|x64
		{BAA11F70-6EA1-4E0C-9A80-B18DA46D29D8}.Debug|x86.ActiveCfg = Debug|Win32
		{BAA11F70-6EA1-4E0C-9A80-B18DA46D29D8}.Debug|x86.Build.0 = Debug|Win32
		{BAA11F70-6EA1-4E0C-9A80-B18DA46D29D8}.Release|x64.ActiveCfg = Release|x64
		{BAA11F70-6EA1-4E0C-9A80-B18DA46D29D8}.Release|x64.Build.0 = Release|x64
		{BAA11F70-6EA1-4E0C-9A80-B18DA46D29D8}.Release|x86.ActiveCfg = Release|Win32
		{BAA11F70-6EA1-4E0C-9A80-B18DA46D29D8}.Release|x86.Build.0 = Release|Win32
	EndGlobalSection
	GlobalSection(SolutionProperties) = preSolution
		HideSolutionNode = FALSE
	EndGlobalSection
	GlobalSection(ExtensibilityGlobals) = postSolution
		SolutionGuid = {6429D028-275D-43E3-8AFC-C8EFD09B4C86}
	EndGlobalSection
EndGlobal
