<?xml version="1.0" encoding="utf-8"?>
<Project ToolsVersion="4.0" xmlns="http://schemas.microsoft.com/developer/msbuild/2003">
  <ItemGroup>
    <Filter Include="Source Files">
      <UniqueIdentifier>{4FC737F1-C7A5-4376-A066-2A32D752A2FF}</UniqueIdentifier>
      <Extensions>cpp;c;cc;cxx;def;odl;idl;hpj;bat;asm;asmx</Extensions>
    </Filter>
    <Filter Include="Header Files">
      <UniqueIdentifier>{93995380-89BD-4b04-88EB-625FBE52EBFB}</UniqueIdentifier>
      <Extensions>h;hh;hpp;hxx;hm;inl;inc;xsd</Extensions>
    </Filter>
    <Filter Include="Resource Files">
      <UniqueIdentifier>{67DA6AB6-F800-4c08-8B7A-83BB121AAD01}</UniqueIdentifier>
      <Extensions>rc;ico;cur;bmp;dlg;rc2;rct;bin;rgs;gif;jpg;jpeg;jpe;resx;tiff;tif;png;wav;mfcribbon-ms</Extensions>
    </Filter>
  </ItemGroup>
  <ItemGroup>
    <ClCompile Include="src\integer\Main.c">
      <Filter>Source Files</Filter>
    </ClCompile>
    <ClCompile Include="src\integer\ADT_BinaryHeap.c">
      <Filter>Header Files</Filter>
    </ClCompile>
    <ClCompile Include="src\integer\ADT_BinaryTreeRecursive.c">
      <Filter>Header Files</Filter>
    </ClCompile>
    <ClCompile Include="src\integer\ADT_HashTable.c">
      <Filter>Header Files</Filter>
    </ClCompile>
    <ClCompile Include="src\integer\ADT_List_DoubleLinked.c">
      <Filter>Header Files</Filter>
    </ClCompile>
    <ClCompile Include="src\integer\ADT_Queue_CircularArray.c">
      <Filter>Header Files</Filter>
    </ClCompile>
    <ClCompile Include="src\integer\ADT_Queue_Linked.c">
      <Filter>Header Files</Filter>
    </ClCompile>
    <ClCompile Include="src\integer\ADT_Queue_List.c">
      <Filter>Header Files</Filter>
    </ClCompile>
    <ClCompile Include="src\integer\ADT_Queue_TwoStacks.c">
      <Filter>Header Files</Filter>
    </ClCompile>
    <ClCompile Include="src\integer\ADT_Set_Array.c">
      <Filter>Header Files</Filter>
    </ClCompile>
    <ClCompile Include="src\integer\ADT_Stack_Array.c">
      <Filter>Header Files</Filter>
    </ClCompile>
    <ClCompile Include="src\integer\ADT_Stack_Linked.c">
      <Filter>Header Files</Filter>
    </ClCompile>
    <ClCompile Include="src\integer\ADT_Stack_List.c">
      <Filter>Header Files</Filter>
    </ClCompile>
    <ClCompile Include="src\integer\ADT_Stack_TwoQueues.c">
      <Filter>Header Files</Filter>
    </ClCompile>
    <ClCompile Include="src\integer\ProblemSolutions.c">
      <Filter>Header Files</Filter>
    </ClCompile>
    <ClCompile Include="src\integer\Recursion.c">
      <Filter>Header Files</Filter>
    </ClCompile>
    <ClCompile Include="src\integer\SearchSort.c">
      <Filter>Header Files</Filter>
    </ClCompile>
    <ClCompile Include="src\integer\ADT_HashTable_GenericValue.c">
      <Filter>Header Files</Filter>
    </ClCompile>
  </ItemGroup>
  <ItemGroup>
    <ClInclude Include="src\integer\ADT_BinaryHeap.h">
      <Filter>Header Files</Filter>
    </ClInclude>
    <ClInclude Include="src\integer\ADT_BinaryTreeRecursive.h">
      <Filter>Header Files</Filter>
    </ClInclude>
    <ClInclude Include="src\integer\ADT_HashTable.h">
      <Filter>Header Files</Filter>
    </ClInclude>
    <ClInclude Include="src\integer\ADT_List_DoubleLinked.h">
      <Filter>Header Files</Filter>
    </ClInclude>
    <ClInclude Include="src\integer\ADT_Queue_CircularArray.h">
      <Filter>Header Files</Filter>
    </ClInclude>
    <ClInclude Include="src\integer\ADT_Queue_Linked.h">
      <Filter>Header Files</Filter>
    </ClInclude>
    <ClInclude Include="src\integer\ADT_Queue_List.h">
      <Filter>Header Files</Filter>
    </ClInclude>
    <ClInclude Include="src\integer\ADT_Queue_TwoStacks.h">
      <Filter>Header Files</Filter>
    </ClInclude>
    <ClInclude Include="src\integer\ADT_Set_Array.h">
      <Filter>Header Files</Filter>
    </ClInclude>
    <ClInclude Include="src\integer\ADT_Stack_Array.h">
      <Filter>Header Files</Filter>
    </ClInclude>
    <ClInclude Include="src\integer\ADT_Stack_Linked.h">
      <Filter>Header Files</Filter>
    </ClInclude>
    <ClInclude Include="src\integer\ADT_Stack_List.h">
      <Filter>Header Files</Filter>
    </ClInclude>
    <ClInclude Include="src\integer\ADT_Stack_TwoQueues.h">
      <Filter>Header Files</Filter>
    </ClInclude>
    <ClInclude Include="src\integer\ProblemSolutions.h">
      <Filter>Header Files</Filter>
    </ClInclude>
    <ClInclude Include="src\integer\Recursion.h">
      <Filter>Header Files</Filter>
    </ClInclude>
    <ClInclude Include="src\integer\SearchSort.h">
      <Filter>Header Files</Filter>
    </ClInclude>
    <ClInclude Include="src\integer\ADT_HashTable_GenericValue.h">
      <Filter>Header Files</Filter>
    </ClInclude>
  </ItemGroup>
</Project>